{
    "_meta": {
        "hash": {
            "sha256": "fdb1d33a6b5ff9a5c54161ef0ec2739a6cac7d98bed5a435929de36ad0155775"
        },
        "pipfile-spec": 6,
        "requires": {
            "python_version": "3.6"
        },
        "sources": [
            {
                "name": "pypi",
                "url": "https://pypi.python.org/simple",
                "verify_ssl": true
            }
        ]
    },
    "default": {
        "aiodns": {
            "hashes": [
                "sha256:815fdef4607474295d68da46978a54481dd1e7be153c7d60f9e72773cd38d77d",
                "sha256:aaa5ac584f40fe778013df0aa6544bf157799bd3f608364b451840ed2c8688de"
            ],
            "version": "==2.0.0"
        },
        "aiohttp": {
            "hashes": [
                "sha256:1e984191d1ec186881ffaed4581092ba04f7c61582a177b187d3a2f07ed9719e",
                "sha256:259ab809ff0727d0e834ac5e8a283dc5e3e0ecc30c4d80b3cd17a4139ce1f326",
                "sha256:2f4d1a4fdce595c947162333353d4a44952a724fba9ca3205a3df99a33d1307a",
                "sha256:32e5f3b7e511aa850829fbe5aa32eb455e5534eaa4b1ce93231d00e2f76e5654",
                "sha256:344c780466b73095a72c616fac5ea9c4665add7fc129f285fbdbca3cccf4612a",
                "sha256:460bd4237d2dbecc3b5ed57e122992f60188afe46e7319116da5eb8a9dfedba4",
                "sha256:4c6efd824d44ae697814a2a85604d8e992b875462c6655da161ff18fd4f29f17",
                "sha256:50aaad128e6ac62e7bf7bd1f0c0a24bc968a0c0590a726d5a955af193544bcec",
                "sha256:6206a135d072f88da3e71cc501c59d5abffa9d0bb43269a6dcd28d66bfafdbdd",
                "sha256:65f31b622af739a802ca6fd1a3076fd0ae523f8485c52924a89561ba10c49b48",
                "sha256:ae55bac364c405caa23a4f2d6cfecc6a0daada500274ffca4a9230e7129eac59",
                "sha256:b778ce0c909a2653741cb4b1ac7015b5c130ab9c897611df43ae6a58523cb965"
            ],
            "version": "==3.6.2"
        },
        "async-timeout": {
            "hashes": [
                "sha256:0c3c816a028d47f659d6ff5c745cb2acf1f966da1fe5c19c77a70282b25f4c5f",
                "sha256:4291ca197d287d274d0b6cb5d6f8f8f82d434ed288f962539ff18cc9012f9ea3"
            ],
            "version": "==3.0.1"
        },
        "attrs": {
            "hashes": [
                "sha256:08a96c641c3a74e44eb59afb61a24f2cb9f4d7188748e76ba4bb5edfa3cb7d1c",
                "sha256:f7b7ce16570fe9965acd6d30101a28f62fb4a7f9e926b3bbc9b61f8b04247e72"
            ],
            "version": "==19.3.0"
        },
        "beautifulsoup4": {
            "hashes": [
                "sha256:5279c36b4b2ec2cb4298d723791467e3000e5384a43ea0cdf5d45207c7e97169",
                "sha256:6135db2ba678168c07950f9a16c4031822c6f4aec75a65e0a97bc5ca09789931",
                "sha256:dcdef580e18a76d54002088602eba453eec38ebbcafafeaabd8cab12b6155d57"
            ],
            "version": "==4.8.1"
        },
        "cchardet": {
            "hashes": [
                "sha256:079aa02a14072874d943a671ba778a9def5b0e3cedc2ac9f59308526cfb31472",
                "sha256:3e048a21688dcb4c797f40c8deb3600887bcaf435620256fd8becd4252012750",
                "sha256:41fced7a6f05ef859fe3eac89fc2120aca3cbbfd2b6c803bed3ee4bf02956903",
                "sha256:440903d5dca3d326f4b841e7fa760b6af1be4f950ead1a6ff77b76eaa46f0cd3",
                "sha256:50170f346527c5df4d3cb94648ca187c666e61c0db6e510b984e867c44709d8b",
                "sha256:6c55a6e7bc7337671c9f1ad90746c0efb2b2979ff4305c7ca1d7d381f05174c1",
                "sha256:7f581ea172b252034f745dfd49733966b73b73907bdef0b47ad5f2008b797d54",
                "sha256:80f7b087198827e60c81574c321b12f89188eae626ae1567d66808928be42f88",
                "sha256:8ba753ff73ca2f3554999a0e027eab9450f6ffdb7e92e1b4e13b52be89995349",
                "sha256:9ad8f61d6d1ca37bd4b954ad92d461ea4f58d0dc413b0790a5abed7c09e54996",
                "sha256:a35bd23cedbaa87cc9300af1dd10bb03fda41894045fbca7bfdf1d350b813f25",
                "sha256:a8feb9a7def2310e18c27e485a21a38669abe8c2e36b93c6ce1a1363495d4cdf",
                "sha256:aa9dd4cee8a5210a6d0a7b263b98dc50637e00401fc4a5ad3ce2dbef54fdfa02",
                "sha256:ab9858a0673262e467619df91f425cfef0590dcf5deef5c0c7945e9dc4dbd7d8",
                "sha256:b09a488bbb35be95f82845e3c4312be9025e8377975b027eee67e0b39445e070",
                "sha256:b2893d558761b3534cddf5a49ba8d77df3d8f964d7b14680b925f4a85fc13476",
                "sha256:b5a8f9b229a30cd2432572d15e169483bc47c24418772ff58d0585050631c2fd",
                "sha256:bded54eeccd5f810bc69e076b3d9a35819a92e5e0559ad274b9ae9061b1b881d",
                "sha256:cbc206061e69561af6e4cba11f99abd928346c6b5bcdc83eb32ae40e9fc23a5f",
                "sha256:cc9745e0400da4cfb49f075e7819f22473b66443f953427058fee2c7b9547cc0",
                "sha256:db30bf3825702c07fc55a290d41663fd8151f870642a15667bbabf81fff21e0b",
                "sha256:eeeb1b95bb5851dda93ee522860a0e6066d47921cb1d540cb778346e37e5a524",
                "sha256:f1c3919fb71ac5da3aeee42c5b731c99dcd2beed71db7fdc28ca993c173f0402"
            ],
            "version": "==2.1.4"
        },
        "certifi": {
            "hashes": [
                "sha256:e4f3620cfea4f83eedc95b24abd9cd56f3c4b146dd0177e83a21b4eb49e21e50",
                "sha256:fd7c7c74727ddcf00e9acd26bba8da604ffec95bf1c2144e67aff7a8b50e6cef"
            ],
            "version": "==2019.9.11"
        },
        "cffi": {
            "hashes": [
                "sha256:08f99e8b38d5134d504aa7e486af8e4fde66a2f388bbecc270cdd1e00fa09ff8",
                "sha256:1112d2fc92a867a6103bce6740a549e74b1d320cf28875609f6e93857eee4f2d",
                "sha256:1b9ab50c74e075bd2ae489853c5f7f592160b379df53b7f72befcbe145475a36",
                "sha256:24eff2997436b6156c2f30bed215c782b1d8fd8c6a704206053c79af95962e45",
                "sha256:2eff642fbc9877a6449026ad66bf37c73bf4232505fb557168ba5c502f95999b",
                "sha256:362e896cea1249ed5c2a81cf6477fabd9e1a5088aa7ea08358a4c6b0998294d2",
                "sha256:40eddb3589f382cb950f2dcf1c39c9b8d7bd5af20665ce273815b0d24635008b",
                "sha256:5ed40760976f6b8613d4a0db5e423673ca162d4ed6c9ed92d1f4e58a47ee01b5",
                "sha256:632c6112c1e914c486f06cfe3f0cc507f44aa1e00ebf732cedb5719e6aa0466a",
                "sha256:64d84f0145e181f4e6cc942088603c8db3ae23485c37eeda71cb3900b5e67cb4",
                "sha256:6cb4edcf87d0e7f5bdc7e5c1a0756fbb37081b2181293c5fdf203347df1cd2a2",
                "sha256:6f19c9df4785305669335b934c852133faed913c0faa63056248168966f7a7d5",
                "sha256:719537b4c5cd5218f0f47826dd705fb7a21d83824920088c4214794457113f3f",
                "sha256:7b0e337a70e58f1a36fb483fd63880c9e74f1db5c532b4082bceac83df1523fa",
                "sha256:853376efeeb8a4ae49a737d5d30f5db8cdf01d9319695719c4af126488df5a6a",
                "sha256:85bbf77ffd12985d76a69d2feb449e35ecdcb4fc54a5f087d2bd54158ae5bb0c",
                "sha256:8978115c6f0b0ce5880bc21c967c65058be8a15f1b81aa5fdbdcbea0e03952d1",
                "sha256:8f7eec920bc83692231d7306b3e311586c2e340db2dc734c43c37fbf9c981d24",
                "sha256:8fe230f612c18af1df6f348d02d682fe2c28ca0a6c3856c99599cdacae7cf226",
                "sha256:92068ebc494b5f9826b822cec6569f1f47b9a446a3fef477e1d11d7fac9ea895",
                "sha256:b57e1c8bcdd7340e9c9d09613b5e7fdd0c600be142f04e2cc1cc8cb7c0b43529",
                "sha256:ba956c9b44646bc1852db715b4a252e52a8f5a4009b57f1dac48ba3203a7bde1",
                "sha256:ca42034c11eb447497ea0e7b855d87ccc2aebc1e253c22e7d276b8599c112a27",
                "sha256:dc9b2003e9a62bbe0c84a04c61b0329e86fccd85134a78d7aca373bbbf788165",
                "sha256:dd308802beb4b2961af8f037becbdf01a1e85009fdfc14088614c1b3c383fae5",
                "sha256:e77cd105b19b8cd721d101687fcf665fd1553eb7b57556a1ef0d453b6fc42faa",
                "sha256:f56dff1bd81022f1c980754ec721fb8da56192b026f17f0f99b965da5ab4fbd2",
                "sha256:fa4cc13c03ea1d0d37ce8528e0ecc988d2365e8ac64d8d86cafab4038cb4ce89",
                "sha256:fa8cf1cb974a9f5911d2a0303f6adc40625c05578d8e7ff5d313e1e27850bd59",
                "sha256:fb003019f06d5fc0aa4738492ad8df1fa343b8a37cbcf634018ad78575d185df",
                "sha256:fd409b7778167c3bcc836484a8f49c0e0b93d3e745d975749f83aa5d18a5822f",
                "sha256:fe5d65a3ee38122003245a82303d11ac05ff36531a8f5ce4bc7d4bbc012797e1"
            ],
            "version": "==1.13.0"
        },
        "chardet": {
            "hashes": [
                "sha256:84ab92ed1c4d4f16916e05906b6b75a6c0fb5db821cc65e70cbd64a3e2a5eaae",
                "sha256:fc323ffcaeaed0e0a02bf4d117757b98aed530d9ed4531e3e15460124c106691"
            ],
            "version": "==3.0.4"
        },
        "e1839a8": {
            "editable": true,
            "path": "."
        },
        "elasticsearch": {
            "hashes": [
                "sha256:693935914d59a517dfffdaab547ff906712a386d9e25027517464960221cbd4c",
                "sha256:7644fa0a9ae524344185bda561826a781a5c6bd4d3eb98a24515c567aab88327"
            ],
            "version": "==7.0.5"
        },
        "idna": {
            "hashes": [
                "sha256:156a6814fb5ac1fc6850fb002e0852d56c0c8d2531923a51032d1b70760e186e",
                "sha256:684a38a6f903c1d71d6d5fac066b58d7768af4de2b832e426ec79c30daa94a16"
            ],
            "version": "==2.7"
        },
        "idna-ssl": {
            "hashes": [
                "sha256:a933e3bb13da54383f9e8f35dc4f9cb9eb9b3b78c6b36f311254d6d0d92c6c7c"
            ],
            "markers": "python_version < '3.7'",
            "version": "==1.1.0"
        },
        "lxml": {
            "hashes": [
                "sha256:0941f4313208c07734410414d8308812b044fd3fb98573454e3d3a0d2e201f3d",
                "sha256:0b18890aa5730f9d847bc5469e8820f782d72af9985a15a7552109a86b01c113",
                "sha256:21f427945f612ac75576632b1bb8c21233393c961f2da890d7be3927a4b6085f",
                "sha256:24cf6f622a4d49851afcf63ac4f0f3419754d4e98a7a548ab48dd03c635d9bd3",
                "sha256:2dc6705486b8abee1af9e2a3761e30a3cb19e8276f20ca7e137ee6611b93707c",
                "sha256:2e43b2e5b7d2b9abe6e0301eef2c2c122ab45152b968910eae68bdee2c4cfae0",
                "sha256:329a6d8b6d36f7d6f8b6c6a1db3b2c40f7e30a19d3caf62023c9d6a677c1b5e1",
                "sha256:423cde55430a348bda6f1021faad7235c2a95a6bdb749e34824e5758f755817a",
                "sha256:4651ea05939374cfb5fe87aab5271ed38c31ea47997e17ec3834b75b94bd9f15",
                "sha256:4be3bbfb2968d7da6e5c2cd4104fc5ec1caf9c0794f6cae724da5a53b4d9f5a3",
                "sha256:622f7e40faef13d232fb52003661f2764ce6cdef3edb0a59af7c1559e4cc36d1",
                "sha256:664dfd4384d886b239ef0d7ee5cff2b463831079d250528b10e394a322f141f9",
                "sha256:697c0f58ac637b11991a1bc92e07c34da4a72e2eda34d317d2c1c47e2f24c1b3",
                "sha256:6ec908b4c8a4faa7fe1a0080768e2ce733f268b287dfefb723273fb34141475f",
                "sha256:7ec3fe795582b75bb49bb1685ffc462dbe38d74312dac07ce386671a28b5316b",
                "sha256:8c39babd923c431dcf1e5874c0f778d3a5c745a62c3a9b6bd755efd489ee8a1d",
                "sha256:949ca5bc56d6cb73d956f4862ba06ad3c5d2808eac76304284f53ae0c8b2334a",
                "sha256:9f0daddeefb0791a600e6195441910bdf01eac470be596b9467e6122b51239a6",
                "sha256:a359893b01c30e949eae0e8a85671a593364c9f0b8162afe0cb97317af0953bf",
                "sha256:ad5d5d8efed59e6b1d4c50c1eac59fb6ecec91b2073676af1e15fc4d43e9b6c5",
                "sha256:bc1a36f95a6b3667c09b34995fc3a46a82e4cf0dc3e7ab281e4c77b15bd7af05",
                "sha256:be37b3f55b6d7d923f43bf74c356fc1878eb36e28505f38e198cb432c19c7b1a",
                "sha256:c45bca5e544eb75f7500ffd730df72922eb878a2f0213b0dc5a5f357ded3a85d",
                "sha256:ccee7ebbb4735ebc341d347fca9ee09f2fa6c0580528c1414bc4e1d31372835c",
                "sha256:dc62c0840b2fc7753550b40405532a3e125c0d3761f34af948873393aa688160",
                "sha256:f7d9d5aa1c7e54167f1a3cba36b5c52c7c540f30952c9bd7d9302a1eda318424"
            ],
            "index": "pypi",
            "version": "==4.2.3"
        },
        "multidict": {
            "hashes": [
                "sha256:024b8129695a952ebd93373e45b5d341dbb87c17ce49637b34000093f243dd4f",
                "sha256:041e9442b11409be5e4fc8b6a97e4bcead758ab1e11768d1e69160bdde18acc3",
                "sha256:045b4dd0e5f6121e6f314d81759abd2c257db4634260abcfe0d3f7083c4908ef",
                "sha256:047c0a04e382ef8bd74b0de01407e8d8632d7d1b4db6f2561106af812a68741b",
                "sha256:068167c2d7bbeebd359665ac4fff756be5ffac9cda02375b5c5a7c4777038e73",
                "sha256:148ff60e0fffa2f5fad2eb25aae7bef23d8f3b8bdaf947a65cdbe84a978092bc",
                "sha256:1d1c77013a259971a72ddaa83b9f42c80a93ff12df6a4723be99d858fa30bee3",
                "sha256:1d48bc124a6b7a55006d97917f695effa9725d05abe8ee78fd60d6588b8344cd",
                "sha256:31dfa2fc323097f8ad7acd41aa38d7c614dd1960ac6681745b6da124093dc351",
                "sha256:34f82db7f80c49f38b032c5abb605c458bac997a6c3142e0d6c130be6fb2b941",
                "sha256:3d5dd8e5998fb4ace04789d1d008e2bb532de501218519d70bb672c4c5a2fc5d",
                "sha256:4a6ae52bd3ee41ee0f3acf4c60ceb3f44e0e3bc52ab7da1c2b2aa6703363a3d1",
                "sha256:4b02a3b2a2f01d0490dd39321c74273fed0568568ea0e7ea23e02bd1fb10a10b",
                "sha256:4b843f8e1dd6a3195679d9838eb4670222e8b8d01bc36c9894d6c3538316fa0a",
                "sha256:5de53a28f40ef3c4fd57aeab6b590c2c663de87a5af76136ced519923d3efbb3",
                "sha256:61b2b33ede821b94fa99ce0b09c9ece049c7067a33b279f343adfe35108a4ea7",
                "sha256:6a3a9b0f45fd75dc05d8e93dc21b18fc1670135ec9544d1ad4acbcf6b86781d0",
                "sha256:76ad8e4c69dadbb31bad17c16baee61c0d1a4a73bed2590b741b2e1a46d3edd0",
                "sha256:7ba19b777dc00194d1b473180d4ca89a054dd18de27d0ee2e42a103ec9b7d014",
                "sha256:7c1b7eab7a49aa96f3db1f716f0113a8a2e93c7375dd3d5d21c4941f1405c9c5",
                "sha256:7fc0eee3046041387cbace9314926aa48b681202f8897f8bff3809967a049036",
                "sha256:8ccd1c5fff1aa1427100ce188557fc31f1e0a383ad8ec42c559aabd4ff08802d",
                "sha256:8e08dd76de80539d613654915a2f5196dbccc67448df291e69a88712ea21e24a",
                "sha256:c18498c50c59263841862ea0501da9f2b3659c00db54abfbf823a80787fde8ce",
                "sha256:c49db89d602c24928e68c0d510f4fcf8989d77defd01c973d6cbe27e684833b1",
                "sha256:ce20044d0317649ddbb4e54dab3c1bcc7483c78c27d3f58ab3d0c7e6bc60d26a",
                "sha256:d1071414dd06ca2eafa90c85a079169bfeb0e5f57fd0b45d44c092546fcd6fd9",
                "sha256:d3be11ac43ab1a3e979dac80843b42226d5d3cccd3986f2e03152720a4297cd7",
                "sha256:db603a1c235d110c860d5f39988ebc8218ee028f07a7cbc056ba6424372ca31b"
            ],
            "version": "==4.5.2"
        },
        "pycares": {
            "hashes": [
                "sha256:2ca080db265ea238dc45f997f94effb62b979a617569889e265c26a839ed6305",
                "sha256:6f79c6afb6ce603009db2042fddc2e348ad093ece9784cbe2daa809499871a23",
                "sha256:70918d06eb0603016d37092a5f2c0228509eb4e6c5a3faacb4184f6ab7be7650",
                "sha256:755187d28d24a9ea63aa2b4c0638be31d65fbf7f0ce16d41261b9f8cb55a1b99",
                "sha256:7baa4b1f2146eb8423ff8303ebde3a20fb444a60db761fba0430d104fe35ddbf",
                "sha256:90b27d4df86395f465a171386bc341098d6d47b65944df46518814ae298f6cc6",
                "sha256:9e090dd6b2afa65cb51c133883b2bf2240fd0f717b130b0048714b33fb0f47ce",
                "sha256:a11b7d63c3718775f6e805d6464cb10943780395ab042c7e5a0a7a9f612735dd",
                "sha256:b253f5dcaa0ac7076b79388a3ac80dd8f3bd979108f813baade40d3a9b8bf0bd",
                "sha256:c7f4f65e44ba35e35ad3febc844270665bba21cfb0fb7d749434e705b556e087",
                "sha256:cdb342e6a254f035bd976d95807a2184038fc088d957a5104dcaab8be602c093",
                "sha256:cf08e164f8bfb83b9fe633feb56f2754fae6baefcea663593794fa0518f8f98c",
                "sha256:df9bc694cf03673878ea8ce674082c5acd134991d64d6c306d4bd61c0c1df98f"
            ],
            "version": "==3.0.0"
        },
        "pycparser": {
            "hashes": [
                "sha256:a988718abfad80b6b157acce7bf130a30876d27603738ac39f140993246b25b3"
            ],
            "version": "==2.19"
        },
        "requests": {
            "hashes": [
                "sha256:99dcfdaaeb17caf6e526f32b6a7b780461512ab3f1d992187801694cba42770c",
                "sha256:a84b8c9ab6239b578f22d1c21d51b696dcfe004032bb80ea832398d6909d7279"
            ],
            "index": "pypi",
            "version": "==2.20.0"
        },
        "soupsieve": {
            "hashes": [
                "sha256:605f89ad5fdbfefe30cdc293303665eff2d188865d4dbe4eb510bba1edfbfce3",
                "sha256:b91d676b330a0ebd5b21719cb6e9b57c57d433671f65b9c28dd3461d9a1ed0b6"
            ],
            "version": "==1.9.4"
        },
        "twint": {
            "hashes": [
                "sha256:b71584ac9fa7c063885f4c0e620ce2dfab0dc435896db26c701e05c65e252008"
            ],
            "index": "pypi",
            "version": "==1.1.3.1"
        },
        "typing": {
            "hashes": [
                "sha256:91dfe6f3f706ee8cc32d38edbbf304e9b7583fb37108fef38229617f8b3eba23",
                "sha256:c8cabb5ab8945cd2f54917be357d134db9cc1eb039e59d1606dc1e60cb1d9d36",
                "sha256:f38d83c5a7a7086543a0f649564d661859c5146a85775ab90c0d2f93ffaa9714"
            ],
            "markers": "python_version < '3.7'",
            "version": "==3.7.4.1"
        },
        "typing-extensions": {
            "hashes": [
                "sha256:2ed632b30bb54fc3941c382decfd0ee4148f5c591651c9272473fea2c6397d95",
                "sha256:b1edbbf0652660e32ae780ac9433f4231e7339c7f9a8057d0f042fcbcea49b87",
                "sha256:d8179012ec2c620d3791ca6fe2bf7979d979acdbef1fca0bc56b37411db682ed"
            ],
            "markers": "python_version < '3.7'",
            "version": "==3.7.4"
        },
        "urllib3": {
            "hashes": [
                "sha256:2393a695cd12afedd0dcb26fe5d50d0cf248e5a66f75dbd89a3d4eb333a61af4",
                "sha256:a637e5fae88995b256e3409dc4d52c2e2e0ba32c42a6365fee8bbd2238de3cfb"
            ],
            "version": "==1.24.3"
        },
        "yarl": {
            "hashes": [
                "sha256:024ecdc12bc02b321bc66b41327f930d1c2c543fa9a561b39861da9388ba7aa9",
                "sha256:2f3010703295fbe1aec51023740871e64bb9664c789cba5a6bdf404e93f7568f",
                "sha256:3890ab952d508523ef4881457c4099056546593fa05e93da84c7250516e632eb",
                "sha256:3e2724eb9af5dc41648e5bb304fcf4891adc33258c6e14e2a7414ea32541e320",
                "sha256:5badb97dd0abf26623a9982cd448ff12cb39b8e4c94032ccdedf22ce01a64842",
                "sha256:73f447d11b530d860ca1e6b582f947688286ad16ca42256413083d13f260b7a0",
                "sha256:7ab825726f2940c16d92aaec7d204cfc34ac26c0040da727cf8ba87255a33829",
                "sha256:b25de84a8c20540531526dfbb0e2d2b648c13fd5dd126728c496d7c3fea33310",
                "sha256:c6e341f5a6562af74ba55205dbd56d248daf1b5748ec48a0200ba227bb9e33f4",
                "sha256:c9bb7c249c4432cd47e75af3864bc02d26c9594f49c82e2a28624417f0ae63b8",
                "sha256:e060906c0c585565c718d1c3841747b61c5439af2211e185f6739a9412dfbde1"
            ],
            "version": "==1.3.0"
        }
    },
    "develop": {
        "astroid": {
            "hashes": [
                "sha256:87de48a92e29cedf7210ffa853d11441e7ad94cb47bacd91b023499b51cbc756",
                "sha256:d25869fc7f44f1d9fb7d24fd7ea0639656f5355fc3089cd1f3d18c6ec6b124c7"
            ],
            "version": "==1.6.6"
        },
        "autopep8": {
            "hashes": [
                "sha256:2284d4ae2052fedb9f466c09728e30d2e231cfded5ffd7b1a20c34123fdc4ba4"
            ],
            "index": "pypi",
            "version": "==1.3.5"
        },
        "isort": {
            "hashes": [
                "sha256:54da7e92468955c4fceacd0c86bd0ec997b0e1ee80d97f67c35a78b719dccab1",
                "sha256:6e811fcb295968434526407adb8796944f1988c5b65e8139058f2014cbe100fd"
            ],
            "version": "==4.3.21"
        },
        "lazy-object-proxy": {
            "hashes": [
                "sha256:02b260c8deb80db09325b99edf62ae344ce9bc64d68b7a634410b8e9a568edbf",
                "sha256:18f9c401083a4ba6e162355873f906315332ea7035803d0fd8166051e3d402e3",
                "sha256:1f2c6209a8917c525c1e2b55a716135ca4658a3042b5122d4e3413a4030c26ce",
                "sha256:2f06d97f0ca0f414f6b707c974aaf8829c2292c1c497642f63824119d770226f",
                "sha256:616c94f8176808f4018b39f9638080ed86f96b55370b5a9463b2ee5c926f6c5f",
                "sha256:63b91e30ef47ef68a30f0c3c278fbfe9822319c15f34b7538a829515b84ca2a0",
                "sha256:77b454f03860b844f758c5d5c6e5f18d27de899a3db367f4af06bec2e6013a8e",
                "sha256:83fe27ba321e4cfac466178606147d3c0aa18e8087507caec78ed5a966a64905",
                "sha256:84742532d39f72df959d237912344d8a1764c2d03fe58beba96a87bfa11a76d8",
                "sha256:874ebf3caaf55a020aeb08acead813baf5a305927a71ce88c9377970fe7ad3c2",
                "sha256:9f5caf2c7436d44f3cec97c2fa7791f8a675170badbfa86e1992ca1b84c37009",
                "sha256:a0c8758d01fcdfe7ae8e4b4017b13552efa7f1197dd7358dc9da0576f9d0328a",
                "sha256:a4def978d9d28cda2d960c279318d46b327632686d82b4917516c36d4c274512",
                "sha256:ad4f4be843dace866af5fc142509e9b9817ca0c59342fdb176ab6ad552c927f5",
                "sha256:ae33dd198f772f714420c5ab698ff05ff900150486c648d29951e9c70694338e",
                "sha256:b4a2b782b8a8c5522ad35c93e04d60e2ba7f7dcb9271ec8e8c3e08239be6c7b4",
                "sha256:c462eb33f6abca3b34cdedbe84d761f31a60b814e173b98ede3c81bb48967c4f",
                "sha256:fd135b8d35dfdcdb984828c84d695937e58cc5f49e1c854eb311c4d6aa03f4f1"
            ],
            "version": "==1.4.2"
        },
        "mccabe": {
            "hashes": [
                "sha256:ab8a6258860da4b6677da4bd2fe5dc2c659cff31b3ee4f7f5d64e79735b80d42",
                "sha256:dd8d182285a0fe56bace7f45b5e7d1a6ebcbf524e8f3bd87eb0f125271b8831f"
            ],
            "version": "==0.6.1"
        },
        "pycodestyle": {
            "hashes": [
                "sha256:95a2219d12372f05704562a14ec30bc76b05a5b297b21a5dfe3f6fac3491ae56",
                "sha256:e40a936c9a450ad81df37f549d676d127b1b66000a6c500caa2b085bc0ca976c"
            ],
            "version": "==2.5.0"
        },
        "pylint": {
            "hashes": [
                "sha256:a48070545c12430cfc4e865bf62f5ad367784765681b3db442d8230f0960aa3c",
                "sha256:fff220bcb996b4f7e2b0f6812fd81507b72ca4d8c4d05daf2655c333800cb9b3"
            ],
            "index": "pypi",
            "version": "==1.9.2"
        },
        "six": {
            "hashes": [
                "sha256:3350809f0555b11f552448330d0b52d5f24c91a322ea4a15ef22629740f3761c",
                "sha256:d16a0141ec1a18405cd4ce8b4613101da75da0e9a7aec5bdd4fa804d0e0eba73"
            ],
            "version": "==1.12.0"
        },
        "wrapt": {
            "hashes": [
                "sha256:565a021fd19419476b9362b05eeaa094178de64f8361e44468f9e9d7843901e1"
            ],
            "version": "==1.11.2"
        }
    }
}
